
Microsoft Visual Studio Solution File, Format Version 12.00
# Visual Studio 15
VisualStudioVersion = 15.0.28307.438
MinimumVisualStudioVersion = 10.0.40219.1
Project("{FAE04EC0-301F-11D3-BF4B-00C04F79EFBC}") = "sayıtahmin1", "sayıtahmin1\sayıtahmin1.csproj", "{F136659E-2780-4C39-B860-D4B27B9725D6}"
EndProject
Global
	GlobalSection(SolutionConfigurationPlatforms) = preSolution
		Debug|Any CPU = Debug|Any CPU
		Release|Any CPU = Release|Any CPU
	EndGlobalSection
	GlobalSection(ProjectConfigurationPlatforms) = postSolution
		{F136659E-2780-4C39-B860-D4B27B9725D6}.Debug|Any CPU.ActiveCfg = Debug|Any CPU
		{F136659E-2780-4C39-B860-D4B27B9725D6}.Debug|Any CPU.Build.0 = Debug|Any CPU
		{F136659E-2780-4C39-B860-D4B27B9725D6}.Release|Any CPU.ActiveCfg = Release|Any CPU
		{F136659E-2780-4C39-B860-D4B27B9725D6}.Release|Any CPU.Build.0 = Release|Any CPU
	EndGlobalSection
	GlobalSection(SolutionProperties) = preSolution
		HideSolutionNode = FALSE
	EndGlobalSection
	GlobalSection(ExtensibilityGlobals) = postSolution
		SolutionGuid = {273674A6-B0B5-4452-A75B-F34F343AE929}
	EndGlobalSection
EndGlobal
